
Microsoft Visual Studio Solution File, Format Version 12.00
# Visual Studio Version 16
VisualStudioVersion = 16.0.30225.117
MinimumVisualStudioVersion = 10.0.40219.1
Project("{8BC9CEB8-8B4A-11D0-8D11-00A0C91BC942}") = "HolaMundo", "HolaMundo\HolaMundo.vcxproj", "{950E4489-BA4C-46FA-98A5-247C30E3A138}"
EndProject
Project("{2150E333-8FDC-42A3-9474-1A3956D46DE8}") = "Semana1", "Semana1", "{6FD8E184-1831-4781-B43D-40B2CAF0D355}"
EndProject
Project("{8BC9CEB8-8B4A-11D0-8D11-00A0C91BC942}") = "EjercicioAdivinarNumero", "EjercicioAdivinarNumero\EjercicioAdivinarNumero.vcxproj", "{D55F0444-D7C3-4468-903B-2B3A0622E23B}"
EndProject
Project("{8BC9CEB8-8B4A-11D0-8D11-00A0C91BC942}") = "Tarea1", "Tarea1\Tarea1.vcxproj", "{C6AB7C42-A2B0-43DF-9852-42C87F662F14}"
EndProject
Project("{2150E333-8FDC-42A3-9474-1A3956D46DE8}") = "Semana2", "Semana2", "{3030A8D1-4F0E-4975-A173-FF885FFA1448}"
EndProject
Project("{8BC9CEB8-8B4A-11D0-8D11-00A0C91BC942}") = "EjemploClases", "EjemploClases\EjemploClases.vcxproj", "{736BABF2-DF93-47C4-9E56-B46D80D6387C}"
EndProject
Project("{8BC9CEB8-8B4A-11D0-8D11-00A0C91BC942}") = "EjemploRacional", "EjemploRacional\EjemploRacional.vcxproj", "{535CE12A-3B0A-4027-990D-2C089AADA50A}"
EndProject
Project("{8BC9CEB8-8B4A-11D0-8D11-00A0C91BC942}") = "EjercicioCadenas", "EjercicioCadenas\EjercicioCadenas.vcxproj", "{DA61A985-13D5-4B9F-8FEF-B082D8830D1F}"
EndProject
Project("{2150E333-8FDC-42A3-9474-1A3956D46DE8}") = "Semana3", "Semana3", "{6F4882D3-3118-4450-B884-6E38DC965B1A}"
EndProject
Project("{8BC9CEB8-8B4A-11D0-8D11-00A0C91BC942}") = "EjercicioSobrecargaByte", "EjercicioSobrecargaByte\EjercicioSobrecargaByte.vcxproj", "{FC9BC811-520C-4FEC-A64A-6605A82A3CEF}"
EndProject
Project("{8BC9CEB8-8B4A-11D0-8D11-00A0C91BC942}") = "EjercicioEnteroGrande", "EjercicioEnteroGrande\EjercicioEnteroGrande.vcxproj", "{D6A7E138-AAC6-46C1-BA56-34342114AD55}"
EndProject
Project("{2150E333-8FDC-42A3-9474-1A3956D46DE8}") = "Semana4", "Semana4", "{1990B777-CC1D-420D-A1EF-B7CC0475CA88}"
EndProject
Project("{2150E333-8FDC-42A3-9474-1A3956D46DE8}") = "Semana5", "Semana5", "{396F81D2-9D26-4EBE-9ED4-9FF2992C829E}"
EndProject
Project("{8BC9CEB8-8B4A-11D0-8D11-00A0C91BC942}") = "Ejercicio1", "Ejercicio1\Ejercicio1.vcxproj", "{ADC88A76-B171-4984-A6A6-EBE0FC9988BF}"
EndProject
Project("{2150E333-8FDC-42A3-9474-1A3956D46DE8}") = "Semana6", "Semana6", "{3204A226-C503-4C14-916D-B5DC3CDBE1DC}"
EndProject
Project("{8BC9CEB8-8B4A-11D0-8D11-00A0C91BC942}") = "ListaSimple", "ListaSimple\ListaSimple.vcxproj", "{7D5A197B-DAEB-4BA3-AAFA-FC745A15DD7A}"
EndProject
Project("{2150E333-8FDC-42A3-9474-1A3956D46DE8}") = "Semana7", "Semana7", "{C76C852C-3456-4FF7-96D3-555378218236}"
EndProject
Project("{8BC9CEB8-8B4A-11D0-8D11-00A0C91BC942}") = "ListaDobleEnlazada", "ListaDobleEnlazada\ListaDobleEnlazada.vcxproj", "{5119C03B-5818-4536-A705-42934CAEC761}"
EndProject
Global
	GlobalSection(SolutionConfigurationPlatforms) = preSolution
		Debug|x64 = Debug|x64
		Debug|x86 = Debug|x86
		Release|x64 = Release|x64
		Release|x86 = Release|x86
	EndGlobalSection
	GlobalSection(ProjectConfigurationPlatforms) = postSolution
		{950E4489-BA4C-46FA-98A5-247C30E3A138}.Debug|x64.ActiveCfg = Debug|x64
		{950E4489-BA4C-46FA-98A5-247C30E3A138}.Debug|x64.Build.0 = Debug|x64
		{950E4489-BA4C-46FA-98A5-247C30E3A138}.Debug|x86.ActiveCfg = Debug|Win32
		{950E4489-BA4C-46FA-98A5-247C30E3A138}.Debug|x86.Build.0 = Debug|Win32
		{950E4489-BA4C-46FA-98A5-247C30E3A138}.Release|x64.ActiveCfg = Release|x64
		{950E4489-BA4C-46FA-98A5-247C30E3A138}.Release|x64.Build.0 = Release|x64
		{950E4489-BA4C-46FA-98A5-247C30E3A138}.Release|x86.ActiveCfg = Release|Win32
		{950E4489-BA4C-46FA-98A5-247C30E3A138}.Release|x86.Build.0 = Release|Win32
		{D55F0444-D7C3-4468-903B-2B3A0622E23B}.Debug|x64.ActiveCfg = Debug|x64
		{D55F0444-D7C3-4468-903B-2B3A0622E23B}.Debug|x64.Build.0 = Debug|x64
		{D55F0444-D7C3-4468-903B-2B3A0622E23B}.Debug|x86.ActiveCfg = Debug|Win32
		{D55F0444-D7C3-4468-903B-2B3A0622E23B}.Debug|x86.Build.0 = Debug|Win32
		{D55F0444-D7C3-4468-903B-2B3A0622E23B}.Release|x64.ActiveCfg = Release|x64
		{D55F0444-D7C3-4468-903B-2B3A0622E23B}.Release|x64.Build.0 = Release|x64
		{D55F0444-D7C3-4468-903B-2B3A0622E23B}.Release|x86.ActiveCfg = Release|Win32
		{D55F0444-D7C3-4468-903B-2B3A0622E23B}.Release|x86.Build.0 = Release|Win32
		{C6AB7C42-A2B0-43DF-9852-42C87F662F14}.Debug|x64.ActiveCfg = Debug|x64
		{C6AB7C42-A2B0-43DF-9852-42C87F662F14}.Debug|x64.Build.0 = Debug|x64
		{C6AB7C42-A2B0-43DF-9852-42C87F662F14}.Debug|x86.ActiveCfg = Debug|Win32
		{C6AB7C42-A2B0-43DF-9852-42C87F662F14}.Debug|x86.Build.0 = Debug|Win32
		{C6AB7C42-A2B0-43DF-9852-42C87F662F14}.Release|x64.ActiveCfg = Release|x64
		{C6AB7C42-A2B0-43DF-9852-42C87F662F14}.Release|x64.Build.0 = Release|x64
		{C6AB7C42-A2B0-43DF-9852-42C87F662F14}.Release|x86.ActiveCfg = Release|Win32
		{C6AB7C42-A2B0-43DF-9852-42C87F662F14}.Release|x86.Build.0 = Release|Win32
		{736BABF2-DF93-47C4-9E56-B46D80D6387C}.Debug|x64.ActiveCfg = Debug|x64
		{736BABF2-DF93-47C4-9E56-B46D80D6387C}.Debug|x64.Build.0 = Debug|x64
		{736BABF2-DF93-47C4-9E56-B46D80D6387C}.Debug|x86.ActiveCfg = Debug|Win32
		{736BABF2-DF93-47C4-9E56-B46D80D6387C}.Debug|x86.Build.0 = Debug|Win32
		{736BABF2-DF93-47C4-9E56-B46D80D6387C}.Release|x64.ActiveCfg = Release|x64
		{736BABF2-DF93-47C4-9E56-B46D80D6387C}.Release|x64.Build.0 = Release|x64
		{736BABF2-DF93-47C4-9E56-B46D80D6387C}.Release|x86.ActiveCfg = Release|Win32
		{736BABF2-DF93-47C4-9E56-B46D80D6387C}.Release|x86.Build.0 = Release|Win32
		{535CE12A-3B0A-4027-990D-2C089AADA50A}.Debug|x64.ActiveCfg = Debug|x64
		{535CE12A-3B0A-4027-990D-2C089AADA50A}.Debug|x64.Build.0 = Debug|x64
		{535CE12A-3B0A-4027-990D-2C089AADA50A}.Debug|x86.ActiveCfg = Debug|Win32
		{535CE12A-3B0A-4027-990D-2C089AADA50A}.Debug|x86.Build.0 = Debug|Win32
		{535CE12A-3B0A-4027-990D-2C089AADA50A}.Release|x64.ActiveCfg = Release|x64
		{535CE12A-3B0A-4027-990D-2C089AADA50A}.Release|x64.Build.0 = Release|x64
		{535CE12A-3B0A-4027-990D-2C089AADA50A}.Release|x86.ActiveCfg = Release|Win32
		{535CE12A-3B0A-4027-990D-2C089AADA50A}.Release|x86.Build.0 = Release|Win32
		{DA61A985-13D5-4B9F-8FEF-B082D8830D1F}.Debug|x64.ActiveCfg = Debug|x64
		{DA61A985-13D5-4B9F-8FEF-B082D8830D1F}.Debug|x64.Build.0 = Debug|x64
		{DA61A985-13D5-4B9F-8FEF-B082D8830D1F}.Debug|x86.ActiveCfg = Debug|Win32
		{DA61A985-13D5-4B9F-8FEF-B082D8830D1F}.Debug|x86.Build.0 = Debug|Win32
		{DA61A985-13D5-4B9F-8FEF-B082D8830D1F}.Release|x64.ActiveCfg = Release|x64
		{DA61A985-13D5-4B9F-8FEF-B082D8830D1F}.Release|x64.Build.0 = Release|x64
		{DA61A985-13D5-4B9F-8FEF-B082D8830D1F}.Release|x86.ActiveCfg = Release|Win32
		{DA61A985-13D5-4B9F-8FEF-B082D8830D1F}.Release|x86.Build.0 = Release|Win32
		{FC9BC811-520C-4FEC-A64A-6605A82A3CEF}.Debug|x64.ActiveCfg = Debug|x64
		{FC9BC811-520C-4FEC-A64A-6605A82A3CEF}.Debug|x64.Build.0 = Debug|x64
		{FC9BC811-520C-4FEC-A64A-6605A82A3CEF}.Debug|x86.ActiveCfg = Debug|Win32
		{FC9BC811-520C-4FEC-A64A-6605A82A3CEF}.Debug|x86.Build.0 = Debug|Win32
		{FC9BC811-520C-4FEC-A64A-6605A82A3CEF}.Release|x64.ActiveCfg = Release|x64
		{FC9BC811-520C-4FEC-A64A-6605A82A3CEF}.Release|x64.Build.0 = Release|x64
		{FC9BC811-520C-4FEC-A64A-6605A82A3CEF}.Release|x86.ActiveCfg = Release|Win32
		{FC9BC811-520C-4FEC-A64A-6605A82A3CEF}.Release|x86.Build.0 = Release|Win32
		{D6A7E138-AAC6-46C1-BA56-34342114AD55}.Debug|x64.ActiveCfg = Debug|x64
		{D6A7E138-AAC6-46C1-BA56-34342114AD55}.Debug|x64.Build.0 = Debug|x64
		{D6A7E138-AAC6-46C1-BA56-34342114AD55}.Debug|x86.ActiveCfg = Debug|Win32
		{D6A7E138-AAC6-46C1-BA56-34342114AD55}.Debug|x86.Build.0 = Debug|Win32
		{D6A7E138-AAC6-46C1-BA56-34342114AD55}.Release|x64.ActiveCfg = Release|x64
		{D6A7E138-AAC6-46C1-BA56-34342114AD55}.Release|x64.Build.0 = Release|x64
		{D6A7E138-AAC6-46C1-BA56-34342114AD55}.Release|x86.ActiveCfg = Release|Win32
		{D6A7E138-AAC6-46C1-BA56-34342114AD55}.Release|x86.Build.0 = Release|Win32
		{ADC88A76-B171-4984-A6A6-EBE0FC9988BF}.Debug|x64.ActiveCfg = Debug|x64
		{ADC88A76-B171-4984-A6A6-EBE0FC9988BF}.Debug|x64.Build.0 = Debug|x64
		{ADC88A76-B171-4984-A6A6-EBE0FC9988BF}.Debug|x86.ActiveCfg = Debug|Win32
		{ADC88A76-B171-4984-A6A6-EBE0FC9988BF}.Debug|x86.Build.0 = Debug|Win32
		{ADC88A76-B171-4984-A6A6-EBE0FC9988BF}.Release|x64.ActiveCfg = Release|x64
		{ADC88A76-B171-4984-A6A6-EBE0FC9988BF}.Release|x64.Build.0 = Release|x64
		{ADC88A76-B171-4984-A6A6-EBE0FC9988BF}.Release|x86.ActiveCfg = Release|Win32
		{ADC88A76-B171-4984-A6A6-EBE0FC9988BF}.Release|x86.Build.0 = Release|Win32
		{7D5A197B-DAEB-4BA3-AAFA-FC745A15DD7A}.Debug|x64.ActiveCfg = Debug|x64
		{7D5A197B-DAEB-4BA3-AAFA-FC745A15DD7A}.Debug|x64.Build.0 = Debug|x64
		{7D5A197B-DAEB-4BA3-AAFA-FC745A15DD7A}.Debug|x86.ActiveCfg = Debug|Win32
		{7D5A197B-DAEB-4BA3-AAFA-FC745A15DD7A}.Debug|x86.Build.0 = Debug|Win32
		{7D5A197B-DAEB-4BA3-AAFA-FC745A15DD7A}.Release|x64.ActiveCfg = Release|x64
		{7D5A197B-DAEB-4BA3-AAFA-FC745A15DD7A}.Release|x64.Build.0 = Release|x64
		{7D5A197B-DAEB-4BA3-AAFA-FC745A15DD7A}.Release|x86.ActiveCfg = Release|Win32
		{7D5A197B-DAEB-4BA3-AAFA-FC745A15DD7A}.Release|x86.Build.0 = Release|Win32
		{5119C03B-5818-4536-A705-42934CAEC761}.Debug|x64.ActiveCfg = Debug|x64
		{5119C03B-5818-4536-A705-42934CAEC761}.Debug|x64.Build.0 = Debug|x64
		{5119C03B-5818-4536-A705-42934CAEC761}.Debug|x86.ActiveCfg = Debug|Win32
		{5119C03B-5818-4536-A705-42934CAEC761}.Debug|x86.Build.0 = Debug|Win32
		{5119C03B-5818-4536-A705-42934CAEC761}.Release|x64.ActiveCfg = Release|x64
		{5119C03B-5818-4536-A705-42934CAEC761}.Release|x64.Build.0 = Release|x64
		{5119C03B-5818-4536-A705-42934CAEC761}.Release|x86.ActiveCfg = Release|Win32
		{5119C03B-5818-4536-A705-42934CAEC761}.Release|x86.Build.0 = Release|Win32
	EndGlobalSection
	GlobalSection(SolutionProperties) = preSolution
		HideSolutionNode = FALSE
	EndGlobalSection
	GlobalSection(NestedProjects) = preSolution
		{950E4489-BA4C-46FA-98A5-247C30E3A138} = {6FD8E184-1831-4781-B43D-40B2CAF0D355}
		{D55F0444-D7C3-4468-903B-2B3A0622E23B} = {6FD8E184-1831-4781-B43D-40B2CAF0D355}
		{C6AB7C42-A2B0-43DF-9852-42C87F662F14} = {6FD8E184-1831-4781-B43D-40B2CAF0D355}
		{736BABF2-DF93-47C4-9E56-B46D80D6387C} = {3030A8D1-4F0E-4975-A173-FF885FFA1448}
		{535CE12A-3B0A-4027-990D-2C089AADA50A} = {3030A8D1-4F0E-4975-A173-FF885FFA1448}
		{DA61A985-13D5-4B9F-8FEF-B082D8830D1F} = {3030A8D1-4F0E-4975-A173-FF885FFA1448}
		{FC9BC811-520C-4FEC-A64A-6605A82A3CEF} = {6F4882D3-3118-4450-B884-6E38DC965B1A}
		{D6A7E138-AAC6-46C1-BA56-34342114AD55} = {6F4882D3-3118-4450-B884-6E38DC965B1A}
		{ADC88A76-B171-4984-A6A6-EBE0FC9988BF} = {396F81D2-9D26-4EBE-9ED4-9FF2992C829E}
		{7D5A197B-DAEB-4BA3-AAFA-FC745A15DD7A} = {3204A226-C503-4C14-916D-B5DC3CDBE1DC}
		{5119C03B-5818-4536-A705-42934CAEC761} = {C76C852C-3456-4FF7-96D3-555378218236}
	EndGlobalSection
	GlobalSection(ExtensibilityGlobals) = postSolution
		SolutionGuid = {F1372A07-B25A-4B79-A6CB-9DA0D8B57A32}
	EndGlobalSection
EndGlobal
